
Microsoft Visual Studio Solution File, Format Version 12.00
# Visual Studio 14
VisualStudioVersion = 14.0.24720.0
MinimumVisualStudioVersion = 10.0.40219.1
Project("{CC5FD16D-436D-48AD-A40C-5A424C6E3E79}") = "MessagesService", "MessagesService\MessagesService.ccproj", "{A94478AB-2D01-4F9E-B30D-288644FA2EF5}"
EndProject
Project("{FAE04EC0-301F-11D3-BF4B-00C04F79EFBC}") = "MessagesServiceRole", "MessagesServiceRole\MessagesServiceRole.csproj", "{83E4774D-9C89-4B51-9EE6-B322DD141A15}"
EndProject
Global
	GlobalSection(SolutionConfigurationPlatforms) = preSolution
		Debug|Any CPU = Debug|Any CPU
		Release|Any CPU = Release|Any CPU
	EndGlobalSection
	GlobalSection(ProjectConfigurationPlatforms) = postSolution
		{A94478AB-2D01-4F9E-B30D-288644FA2EF5}.Debug|Any CPU.ActiveCfg = Debug|Any CPU
		{A94478AB-2D01-4F9E-B30D-288644FA2EF5}.Debug|Any CPU.Build.0 = Debug|Any CPU
		{A94478AB-2D01-4F9E-B30D-288644FA2EF5}.Release|Any CPU.ActiveCfg = Release|Any CPU
		{A94478AB-2D01-4F9E-B30D-288644FA2EF5}.Release|Any CPU.Build.0 = Release|Any CPU
		{83E4774D-9C89-4B51-9EE6-B322DD141A15}.Debug|Any CPU.ActiveCfg = Debug|Any CPU
		{83E4774D-9C89-4B51-9EE6-B322DD141A15}.Debug|Any CPU.Build.0 = Debug|Any CPU
		{83E4774D-9C89-4B51-9EE6-B322DD141A15}.Release|Any CPU.ActiveCfg = Release|Any CPU
		{83E4774D-9C89-4B51-9EE6-B322DD141A15}.Release|Any CPU.Build.0 = Release|Any CPU
	EndGlobalSection
	GlobalSection(SolutionProperties) = preSolution
		HideSolutionNode = FALSE
	EndGlobalSection
EndGlobal
